
Microsoft Visual Studio Solution File, Format Version 12.00
# Visual Studio Version 16
VisualStudioVersion = 16.0.30907.101
MinimumVisualStudioVersion = 10.0.40219.1
Project("{FAE04EC0-301F-11D3-BF4B-00C04F79EFBC}") = "DocumentDemo", "DocumentDemo\DocumentDemo.csproj", "{63870B4A-CE1C-49BF-AB0C-3B9B07A947A8}"
EndProject
Global
	GlobalSection(SolutionConfigurationPlatforms) = preSolution
		Debug|Any CPU = Debug|Any CPU
		Release|Any CPU = Release|Any CPU
	EndGlobalSection
	GlobalSection(ProjectConfigurationPlatforms) = postSolution
		{63870B4A-CE1C-49BF-AB0C-3B9B07A947A8}.Debug|Any CPU.ActiveCfg = Debug|Any CPU
		{63870B4A-CE1C-49BF-AB0C-3B9B07A947A8}.Debug|Any CPU.Build.0 = Debug|Any CPU
		{63870B4A-CE1C-49BF-AB0C-3B9B07A947A8}.Release|Any CPU.ActiveCfg = Release|Any CPU
		{63870B4A-CE1C-49BF-AB0C-3B9B07A947A8}.Release|Any CPU.Build.0 = Release|Any CPU
	EndGlobalSection
	GlobalSection(SolutionProperties) = preSolution
		HideSolutionNode = FALSE
	EndGlobalSection
	GlobalSection(ExtensibilityGlobals) = postSolution
		SolutionGuid = {E82C37C5-FE03-4A30-953B-7017B4E7045A}
	EndGlobalSection
EndGlobal
